
Microsoft Visual Studio Solution File, Format Version 12.00
# Visual Studio Version 17
VisualStudioVersion = 17.14.36327.8 d17.14
MinimumVisualStudioVersion = 10.0.40219.1
Project("{FAE04EC0-301F-11D3-BF4B-00C04F79EFBC}") = "CryptoTgShop", "CryptoTgShop\CryptoTgShop.csproj", "{490D8F14-7EC9-4C9C-81E9-7188516A049F}"
EndProject
Global
	GlobalSection(SolutionConfigurationPlatforms) = preSolution
		Debug|Any CPU = Debug|Any CPU
		Release|Any CPU = Release|Any CPU
	EndGlobalSection
	GlobalSection(ProjectConfigurationPlatforms) = postSolution
		{490D8F14-7EC9-4C9C-81E9-7188516A049F}.Debug|Any CPU.ActiveCfg = Debug|Any CPU
		{490D8F14-7EC9-4C9C-81E9-7188516A049F}.Debug|Any CPU.Build.0 = Debug|Any CPU
		{490D8F14-7EC9-4C9C-81E9-7188516A049F}.Release|Any CPU.ActiveCfg = Release|Any CPU
		{490D8F14-7EC9-4C9C-81E9-7188516A049F}.Release|Any CPU.Build.0 = Release|Any CPU
	EndGlobalSection
	GlobalSection(SolutionProperties) = preSolution
		HideSolutionNode = FALSE
	EndGlobalSection
	GlobalSection(ExtensibilityGlobals) = postSolution
		SolutionGuid = {D7BD0851-9828-4B3C-BBFF-883FC83FFC5B}
	EndGlobalSection
EndGlobal
